// !$*UTF8*$!
{
	archiveVersion = 1;
	classes = {
	};
	objectVersion = 50;
	objects = {

/* Begin PBXBuildFile section */
		732F333E24818FB6007C1E51 /* AboutViewController.swift in Sources */ = {isa = PBXBuildFile; fileRef = 732F333D24818FB6007C1E51 /* AboutViewController.swift */; };
		732F3342248193C9007C1E51 /* WebKit.framework in Frameworks */ = {isa = PBXBuildFile; fileRef = 732F3341248193C9007C1E51 /* WebKit.framework */; };
		7350305A24855B36009777A5 /* UIColor+BackgroundContrast.swift in Sources */ = {isa = PBXBuildFile; fileRef = 7350305924855B36009777A5 /* UIColor+BackgroundContrast.swift */; };
		735DBCF624816C7A00445AA9 /* AppDelegate.swift in Sources */ = {isa = PBXBuildFile; fileRef = 735DBCF524816C7A00445AA9 /* AppDelegate.swift */; };
		735DBCF824816C7A00445AA9 /* SceneDelegate.swift in Sources */ = {isa = PBXBuildFile; fileRef = 735DBCF724816C7A00445AA9 /* SceneDelegate.swift */; };
		735DBCFA24816C7A00445AA9 /* ColorPickerViewController.swift in Sources */ = {isa = PBXBuildFile; fileRef = 735DBCF924816C7A00445AA9 /* ColorPickerViewController.swift */; };
		735DBCFD24816C7A00445AA9 /* Main.storyboard in Resources */ = {isa = PBXBuildFile; fileRef = 735DBCFB24816C7A00445AA9 /* Main.storyboard */; };
		735DBCFF24816C8000445AA9 /* Assets.xcassets in Resources */ = {isa = PBXBuildFile; fileRef = 735DBCFE24816C8000445AA9 /* Assets.xcassets */; };
		735DBD0224816C8000445AA9 /* LaunchScreen.storyboard in Resources */ = {isa = PBXBuildFile; fileRef = 735DBD0024816C8000445AA9 /* LaunchScreen.storyboard */; };
/* End PBXBuildFile section */

/* Begin PBXFileReference section */
		732F333D24818FB6007C1E51 /* AboutViewController.swift */ = {isa = PBXFileReference; lastKnownFileType = sourcecode.swift; path = AboutViewController.swift; sourceTree = "<group>"; };
		732F3341248193C9007C1E51 /* WebKit.framework */ = {isa = PBXFileReference; lastKnownFileType = wrapper.framework; name = WebKit.framework; path = System/Library/Frameworks/WebKit.framework; sourceTree = SDKROOT; };
		7350305924855B36009777A5 /* UIColor+BackgroundContrast.swift */ = {isa = PBXFileReference; lastKnownFileType = sourcecode.swift; path = "UIColor+BackgroundContrast.swift"; sourceTree = "<group>"; };
		735DBCF224816C7A00445AA9 /* ColorPicker.app */ = {isa = PBXFileReference; explicitFileType = wrapper.application; includeInIndex = 0; path = ColorPicker.app; sourceTree = BUILT_PRODUCTS_DIR; };
		735DBCF524816C7A00445AA9 /* AppDelegate.swift */ = {isa = PBXFileReference; lastKnownFileType = sourcecode.swift; path = AppDelegate.swift; sourceTree = "<group>"; };
		735DBCF724816C7A00445AA9 /* SceneDelegate.swift */ = {isa = PBXFileReference; lastKnownFileType = sourcecode.swift; path = SceneDelegate.swift; sourceTree = "<group>"; };
		735DBCF924816C7A00445AA9 /* ColorPickerViewController.swift */ = {isa = PBXFileReference; lastKnownFileType = sourcecode.swift; path = ColorPickerViewController.swift; sourceTree = "<group>"; };
		735DBCFC24816C7A00445AA9 /* Base */ = {isa = PBXFileReference; lastKnownFileType = file.storyboard; name = Base; path = Base.lproj/Main.storyboard; sourceTree = "<group>"; };
		735DBCFE24816C8000445AA9 /* Assets.xcassets */ = {isa = PBXFileReference; lastKnownFileType = folder.assetcatalog; path = Assets.xcassets; sourceTree = "<group>"; };
		735DBD0124816C8000445AA9 /* Base */ = {isa = PBXFileReference; lastKnownFileType = file.storyboard; name = Base; path = Base.lproj/LaunchScreen.storyboard; sourceTree = "<group>"; };
		735DBD0324816C8000445AA9 /* Info.plist */ = {isa = PBXFileReference; lastKnownFileType = text.plist.xml; path = Info.plist; sourceTree = "<group>"; };
/* End PBXFileReference section */

/* Begin PBXFrameworksBuildPhase section */
		735DBCEF24816C7A00445AA9 /* Frameworks */ = {
			isa = PBXFrameworksBuildPhase;
			buildActionMask = 2147483647;
			files = (
				732F3342248193C9007C1E51 /* WebKit.framework in Frameworks */,
			);
			runOnlyForDeploymentPostprocessing = 0;
		};
/* End PBXFrameworksBuildPhase section */

/* Begin PBXGroup section */
		732F3340248193C9007C1E51 /* Frameworks */ = {
			isa = PBXGroup;
			children = (
				732F3341248193C9007C1E51 /* WebKit.framework */,
			);
			name = Frameworks;
			sourceTree = "<group>";
		};
		73503060248565CD009777A5 /* Extensions */ = {
			isa = PBXGroup;
			children = (
				7350305924855B36009777A5 /* UIColor+BackgroundContrast.swift */,
			);
			path = Extensions;
			sourceTree = "<group>";
		};
		73503061248565DB009777A5 /* Controllers */ = {
			isa = PBXGroup;
			children = (
				735DBCF924816C7A00445AA9 /* ColorPickerViewController.swift */,
				732F333D24818FB6007C1E51 /* AboutViewController.swift */,
			);
			path = Controllers;
			sourceTree = "<group>";
		};
		735DBCE924816C7A00445AA9 = {
			isa = PBXGroup;
			children = (
				735DBCF424816C7A00445AA9 /* ColorPicker */,
				735DBCF324816C7A00445AA9 /* Products */,
				732F3340248193C9007C1E51 /* Frameworks */,
			);
			sourceTree = "<group>";
		};
		735DBCF324816C7A00445AA9 /* Products */ = {
			isa = PBXGroup;
			children = (
				735DBCF224816C7A00445AA9 /* ColorPicker.app */,
			);
			name = Products;
			sourceTree = "<group>";
		};
		735DBCF424816C7A00445AA9 /* ColorPicker */ = {
			isa = PBXGroup;
			children = (
				73503061248565DB009777A5 /* Controllers */,
				73503060248565CD009777A5 /* Extensions */,
				735DBCF524816C7A00445AA9 /* AppDelegate.swift */,
				735DBCF724816C7A00445AA9 /* SceneDelegate.swift */,
				735DBCFB24816C7A00445AA9 /* Main.storyboard */,
				735DBCFE24816C8000445AA9 /* Assets.xcassets */,
				735DBD0024816C8000445AA9 /* LaunchScreen.storyboard */,
				735DBD0324816C8000445AA9 /* Info.plist */,
			);
			path = ColorPicker;
			sourceTree = "<group>";
		};
/* End PBXGroup section */

/* Begin PBXNativeTarget section */
		735DBCF124816C7A00445AA9 /* ColorPicker */ = {
			isa = PBXNativeTarget;
			buildConfigurationList = 735DBD0624816C8000445AA9 /* Build configuration list for PBXNativeTarget "ColorPicker" */;
			buildPhases = (
				735DBCEE24816C7A00445AA9 /* Sources */,
				735DBCEF24816C7A00445AA9 /* Frameworks */,
				735DBCF024816C7A00445AA9 /* Resources */,
			);
			buildRules = (
			);
			dependencies = (
			);
			name = ColorPicker;
			productName = ColorPicker;
			productReference = 735DBCF224816C7A00445AA9 /* ColorPicker.app */;
			productType = "com.apple.product-type.application";
		};
/* End PBXNativeTarget section */

/* Begin PBXProject section */
		735DBCEA24816C7A00445AA9 /* Project object */ = {
			isa = PBXProject;
			attributes = {
				LastSwiftUpdateCheck = 1150;
				LastUpgradeCheck = 1150;
				ORGANIZATIONNAME = "Danijela Vrzan";
				TargetAttributes = {
					735DBCF124816C7A00445AA9 = {
						CreatedOnToolsVersion = 11.5;
					};
				};
			};
			buildConfigurationList = 735DBCED24816C7A00445AA9 /* Build configuration list for PBXProject "ColorPicker" */;
			compatibilityVersion = "Xcode 9.3";
			developmentRegion = en;
			hasScannedForEncodings = 0;
			knownRegions = (
				en,
				Base,
			);
			mainGroup = 735DBCE924816C7A00445AA9;
			productRefGroup = 735DBCF324816C7A00445AA9 /* Products */;
			projectDirPath = "";
			projectRoot = "";
			targets = (
				735DBCF124816C7A00445AA9 /* ColorPicker */,
			);
		};
/* End PBXProject section */

/* Begin PBXResourcesBuildPhase section */
		735DBCF024816C7A00445AA9 /* Resources */ = {
			isa = PBXResourcesBuildPhase;
			buildActionMask = 2147483647;
			files = (
				735DBD0224816C8000445AA9 /* LaunchScreen.storyboard in Resources */,
				735DBCFF24816C8000445AA9 /* Assets.xcassets in Resources */,
				735DBCFD24816C7A00445AA9 /* Main.storyboard in Resources */,
			);
			runOnlyForDeploymentPostprocessing = 0;
		};
/* End PBXResourcesBuildPhase section */

/* Begin PBXSourcesBuildPhase section */
		735DBCEE24816C7A00445AA9 /* Sources */ = {
			isa = PBXSourcesBuildPhase;
			buildActionMask = 2147483647;
			files = (
				735DBCFA24816C7A00445AA9 /* ColorPickerViewController.swift in Sources */,
				735DBCF624816C7A00445AA9 /* AppDelegate.swift in Sources */,
				7350305A24855B36009777A5 /* UIColor+BackgroundContrast.swift in Sources */,
				732F333E24818FB6007C1E51 /* AboutViewController.swift in Sources */,
				735DBCF824816C7A00445AA9 /* SceneDelegate.swift in Sources */,
			);
			runOnlyForDeploymentPostprocessing = 0;
		};
/* End PBXSourcesBuildPhase section */

/* Begin PBXVariantGroup section */
		735DBCFB24816C7A00445AA9 /* Main.storyboard */ = {
			isa = PBXVariantGroup;
			children = (
				735DBCFC24816C7A00445AA9 /* Base */,
			);
			name = Main.storyboard;
			sourceTree = "<group>";
		};
		735DBD0024816C8000445AA9 /* LaunchScreen.storyboard */ = {
			isa = PBXVariantGroup;
			children = (
				735DBD0124816C8000445AA9 /* Base */,
			);
			name = LaunchScreen.storyboard;
			sourceTree = "<group>";
		};
/* End PBXVariantGroup section */

/* Begin XCBuildConfiguration section */
		735DBD0424816C8000445AA9 /* Debug */ = {
			isa = XCBuildConfiguration;
			buildSettings = {
				ALWAYS_SEARCH_USER_PATHS = NO;
				CLANG_ANALYZER_NONNULL = YES;
				CLANG_ANALYZER_NUMBER_OBJECT_CONVERSION = YES_AGGRESSIVE;
				CLANG_CXX_LANGUAGE_STANDARD = "gnu++14";
				CLANG_CXX_LIBRARY = "libc++";
				CLANG_ENABLE_MODULES = YES;
				CLANG_ENABLE_OBJC_ARC = YES;
				CLANG_ENABLE_OBJC_WEAK = YES;
				CLANG_WARN_BLOCK_CAPTURE_AUTORELEASING = YES;
				CLANG_WARN_BOOL_CONVERSION = YES;
				CLANG_WARN_COMMA = YES;
				CLANG_WARN_CONSTANT_CONVERSION = YES;
				CLANG_WARN_DEPRECATED_OBJC_IMPLEMENTATIONS = YES;
				CLANG_WARN_DIRECT_OBJC_ISA_USAGE = YES_ERROR;
				CLANG_WARN_DOCUMENTATION_COMMENTS = YES;
				CLANG_WARN_EMPTY_BODY = YES;
				CLANG_WARN_ENUM_CONVERSION = YES;
				CLANG_WARN_INFINITE_RECURSION = YES;
				CLANG_WARN_INT_CONVERSION = YES;
				CLANG_WARN_NON_LITERAL_NULL_CONVERSION = YES;
				CLANG_WARN_OBJC_IMPLICIT_RETAIN_SELF = YES;
				CLANG_WARN_OBJC_LITERAL_CONVERSION = YES;
				CLANG_WARN_OBJC_ROOT_CLASS = YES_ERROR;
				CLANG_WARN_RANGE_LOOP_ANALYSIS = YES;
				CLANG_WARN_STRICT_PROTOTYPES = YES;
				CLANG_WARN_SUSPICIOUS_MOVE = YES;
				CLANG_WARN_UNGUARDED_AVAILABILITY = YES_AGGRESSIVE;
				CLANG_WARN_UNREACHABLE_CODE = YES;
				CLANG_WARN__DUPLICATE_METHOD_MATCH = YES;
				COPY_PHASE_STRIP = NO;
				DEBUG_INFORMATION_FORMAT = dwarf;
				ENABLE_STRICT_OBJC_MSGSEND = YES;
				ENABLE_TESTABILITY = YES;
				GCC_C_LANGUAGE_STANDARD = gnu11;
				GCC_DYNAMIC_NO_PIC = NO;
				GCC_NO_COMMON_BLOCKS = YES;
				GCC_OPTIMIZATION_LEVEL = 0;
				GCC_PREPROCESSOR_DEFINITIONS = (
					"DEBUG=1",
					"$(inherited)",
				);
				GCC_WARN_64_TO_32_BIT_CONVERSION = YES;
				GCC_WARN_ABOUT_RETURN_TYPE = YES_ERROR;
				GCC_WARN_UNDECLARED_SELECTOR = YES;
				GCC_WARN_UNINITIALIZED_AUTOS = YES_AGGRESSIVE;
				GCC_WARN_UNUSED_FUNCTION = YES;
				GCC_WARN_UNUSED_VARIABLE = YES;
				IPHONEOS_DEPLOYMENT_TARGET = 13.5;
				MTL_ENABLE_DEBUG_INFO = INCLUDE_SOURCE;
				MTL_FAST_MATH = YES;
				ONLY_ACTIVE_ARCH = YES;
				SDKROOT = iphoneos;
				SWIFT_ACTIVE_COMPILATION_CONDITIONS = DEBUG;
				SWIFT_OPTIMIZATION_LEVEL = "-Onone";
			};
			name = Debug;
		};
		735DBD0524816C8000445AA9 /* Release */ = {
			isa = XCBuildConfiguration;
			buildSettings = {
				ALWAYS_SEARCH_USER_PATHS = NO;
				CLANG_ANALYZER_NONNULL = YES;
				CLANG_ANALYZER_NUMBER_OBJECT_CONVERSION = YES_AGGRESSIVE;
				CLANG_CXX_LANGUAGE_STANDARD = "gnu++14";
				CLANG_CXX_LIBRARY = "libc++";
				CLANG_ENABLE_MODULES = YES;
				CLANG_ENABLE_OBJC_ARC = YES;
				CLANG_ENABLE_OBJC_WEAK = YES;
				CLANG_WARN_BLOCK_CAPTURE_AUTORELEASING = YES;
				CLANG_WARN_BOOL_CONVERSION = YES;
				CLANG_WARN_COMMA = YES;
				CLANG_WARN_CONSTANT_CONVERSION = YES;
				CLANG_WARN_DEPRECATED_OBJC_IMPLEMENTATIONS = YES;
				CLANG_WARN_DIRECT_OBJC_ISA_USAGE = YES_ERROR;
				CLANG_WARN_DOCUMENTATION_COMMENTS = YES;
				CLANG_WARN_EMPTY_BODY = YES;
				CLANG_WARN_ENUM_CONVERSION = YES;
				CLANG_WARN_INFINITE_RECURSION = YES;
				CLANG_WARN_INT_CONVERSION = YES;
				CLANG_WARN_NON_LITERAL_NULL_CONVERSION = YES;
				CLANG_WARN_OBJC_IMPLICIT_RETAIN_SELF = YES;
				CLANG_WARN_OBJC_LITERAL_CONVERSION = YES;
				CLANG_WARN_OBJC_ROOT_CLASS = YES_ERROR;
				CLANG_WARN_RANGE_LOOP_ANALYSIS = YES;
				CLANG_WARN_STRICT_PROTOTYPES = YES;
				CLANG_WARN_SUSPICIOUS_MOVE = YES;
				CLANG_WARN_UNGUARDED_AVAILABILITY = YES_AGGRESSIVE;
				CLANG_WARN_UNREACHABLE_CODE = YES;
				CLANG_WARN__DUPLICATE_METHOD_MATCH = YES;
				COPY_PHASE_STRIP = NO;
				DEBUG_INFORMATION_FORMAT = "dwarf-with-dsym";
				ENABLE_NS_ASSERTIONS = NO;
				ENABLE_STRICT_OBJC_MSGSEND = YES;
				GCC_C_LANGUAGE_STANDARD = gnu11;
				GCC_NO_COMMON_BLOCKS = YES;
				GCC_WARN_64_TO_32_BIT_CONVERSION = YES;
				GCC_WARN_ABOUT_RETURN_TYPE = YES_ERROR;
				GCC_WARN_UNDECLARED_SELECTOR = YES;
				GCC_WARN_UNINITIALIZED_AUTOS = YES_AGGRESSIVE;
				GCC_WARN_UNUSED_FUNCTION = YES;
				GCC_WARN_UNUSED_VARIABLE = YES;
				IPHONEOS_DEPLOYMENT_TARGET = 13.5;
				MTL_ENABLE_DEBUG_INFO = NO;
				MTL_FAST_MATH = YES;
				SDKROOT = iphoneos;
				SWIFT_COMPILATION_MODE = wholemodule;
				SWIFT_OPTIMIZATION_LEVEL = "-O";
				VALIDATE_PRODUCT = YES;
			};
			name = Release;
		};
		735DBD0724816C8000445AA9 /* Debug */ = {
			isa = XCBuildConfiguration;
			buildSettings = {
				ASSETCATALOG_COMPILER_APPICON_NAME = AppIcon;
				CODE_SIGN_STYLE = Automatic;
				DEVELOPMENT_TEAM = 9G3SM93N6Z;
				INFOPLIST_FILE = ColorPicker/Info.plist;
				LD_RUNPATH_SEARCH_PATHS = (
					"$(inherited)",
					"@executable_path/Frameworks",
				);
				PRODUCT_BUNDLE_IDENTIFIER = com.danijelavrzan.ColorPicker;
				PRODUCT_NAME = "$(TARGET_NAME)";
				SWIFT_VERSION = 5.0;
				TARGETED_DEVICE_FAMILY = 1;
			};
			name = Debug;
		};
		735DBD0824816C8000445AA9 /* Release */ = {
			isa = XCBuildConfiguration;
			buildSettings = {
				ASSETCATALOG_COMPILER_APPICON_NAME = AppIcon;
				CODE_SIGN_STYLE = Automatic;
				DEVELOPMENT_TEAM = 9G3SM93N6Z;
				INFOPLIST_FILE = ColorPicker/Info.plist;
				LD_RUNPATH_SEARCH_PATHS = (
					"$(inherited)",
					"@executable_path/Frameworks",
				);
				PRODUCT_BUNDLE_IDENTIFIER = com.danijelavrzan.ColorPicker;
				PRODUCT_NAME = "$(TARGET_NAME)";
				SWIFT_VERSION = 5.0;
				TARGETED_DEVICE_FAMILY = 1;
			};
			name = Release;
		};
/* End XCBuildConfiguration section */

/* Begin XCConfigurationList section */
		735DBCED24816C7A00445AA9 /* Build configuration list for PBXProject "ColorPicker" */ = {
			isa = XCConfigurationList;
			buildConfigurations = (
				735DBD0424816C8000445AA9 /* Debug */,
				735DBD0524816C8000445AA9 /* Release */,
			);
			defaultConfigurationIsVisible = 0;
			defaultConfigurationName = Release;
		};
		735DBD0624816C8000445AA9 /* Build configuration list for PBXNativeTarget "ColorPicker" */ = {
			isa = XCConfigurationList;
			buildConfigurations = (
				735DBD0724816C8000445AA9 /* Debug */,
				735DBD0824816C8000445AA9 /* Release */,
			);
			defaultConfigurationIsVisible = 0;
			defaultConfigurationName = Release;
		};
/* End XCConfigurationList section */
	};
	rootObject = 735DBCEA24816C7A00445AA9 /* Project object */;
}
